# THIS IS AN AUTOGENERATED FILE. DO NOT EDIT THIS FILE DIRECTLY.
# yarn lockfile v1


"@storybook/manager-api@^8.3.6":
  version "8.3.6"
  resolved "https://registry.yarnpkg.com/@storybook/manager-api/-/manager-api-8.3.6.tgz#6dfb268a5f1f8228d0bac69fd6e63f6bd2620c2d"
  integrity sha512-Xt5VFZcL+G/9uzaHjzWFhxRNrP+4rPhSRKEvCZorAbC9+Hv+ZDs1JSZS5wMb4WKpXBZ0rwDVOLwngqbVtfRHuQ==

"@storybook/theming@^8.3.6":
  version "8.3.6"
  resolved "https://registry.yarnpkg.com/@storybook/theming/-/theming-8.3.6.tgz#57c5789903e50b84844aa8e7ce0e1f031e98a948"
  integrity sha512-LQjUk6GXRW9ELkoBKuqzQKFUW+ajfGPfVELcfs3/VQX61VhthJ4olov4bGPc04wsmmFMgN/qODxT485IwOHfPQ==
